
Microsoft Visual Studio Solution File, Format Version 12.00
# Visual Studio 15
VisualStudioVersion = 15.0.28307.1000
MinimumVisualStudioVersion = 10.0.40219.1
Project("{FAE04EC0-301F-11D3-BF4B-00C04F79EFBC}") = "ID-Fast.GUI.DESKTOP", "ID-Fast.GUI.DESKTOP\ID-Fast.GUI.DESKTOP.csproj", "{1BC55436-DAFE-4C45-AFA0-02564BE4E1DA}"
EndProject
Project("{2150E333-8FDC-42A3-9474-1A3956D46DE8}") = "CapaBase", "CapaBase", "{8E65CCDA-3ECB-4443-988B-8D81253D3A75}"
EndProject
Project("{2150E333-8FDC-42A3-9474-1A3956D46DE8}") = "AppEscritorio", "AppEscritorio", "{E6C6591F-ACAB-4830-9CA6-321141812499}"
EndProject
Project("{9A19103F-16F7-4668-BE54-9A1E7A4F7556}") = "ID-Fast.COMMON", "ID-Fast.COMMON\ID-Fast.COMMON.csproj", "{7B2AAE39-989F-42A6-B05F-A6E6E8D68DF0}"
EndProject
Project("{9A19103F-16F7-4668-BE54-9A1E7A4F7556}") = "ID-Fast.DAL", "ID-Fast.DAL\ID-Fast.DAL.csproj", "{ACED097E-2B62-4D11-B5DE-CC776F8171E7}"
EndProject
Project("{9A19103F-16F7-4668-BE54-9A1E7A4F7556}") = "ID-Fast.BIZ", "ID-Fast.BIZ\ID-Fast.BIZ.csproj", "{A1A1AE5F-F019-4655-8243-DDCD222A4722}"
EndProject
Project("{2150E333-8FDC-42A3-9474-1A3956D46DE8}") = "AppMovil", "AppMovil", "{ACA63033-A500-4FD0-B6CB-20C7BD292A65}"
EndProject
Project("{FAE04EC0-301F-11D3-BF4B-00C04F79EFBC}") = "Proyect_ID-FAST.MOVIL.Android", "Proyect_ID-FAST.MOVIL\Proyect_ID-FAST.MOVIL.Android\Proyect_ID-FAST.MOVIL.Android.csproj", "{E7914576-A985-4581-9386-C54FEA8F248F}"
EndProject
Project("{FAE04EC0-301F-11D3-BF4B-00C04F79EFBC}") = "Proyect_ID-FAST.MOVIL.iOS", "Proyect_ID-FAST.MOVIL\Proyect_ID-FAST.MOVIL.iOS\Proyect_ID-FAST.MOVIL.iOS.csproj", "{8AE2781E-4992-4B07-BF00-1B1E12B90475}"
EndProject
Project("{FAE04EC0-301F-11D3-BF4B-00C04F79EFBC}") = "Proyect_ID-FAST.MOVIL", "Proyect_ID-FAST.MOVIL\Proyect_ID-FAST.MOVIL\Proyect_ID-FAST.MOVIL.csproj", "{A69833DC-1D39-41FD-B8CD-B8D1CEE6330E}"
EndProject
Global
	GlobalSection(SolutionConfigurationPlatforms) = preSolution
		Ad-Hoc|Any CPU = Ad-Hoc|Any CPU
		Ad-Hoc|iPhone = Ad-Hoc|iPhone
		Ad-Hoc|iPhoneSimulator = Ad-Hoc|iPhoneSimulator
		AppStore|Any CPU = AppStore|Any CPU
		AppStore|iPhone = AppStore|iPhone
		AppStore|iPhoneSimulator = AppStore|iPhoneSimulator
		Debug|Any CPU = Debug|Any CPU
		Debug|iPhone = Debug|iPhone
		Debug|iPhoneSimulator = Debug|iPhoneSimulator
		Release|Any CPU = Release|Any CPU
		Release|iPhone = Release|iPhone
		Release|iPhoneSimulator = Release|iPhoneSimulator
	EndGlobalSection
	GlobalSection(ProjectConfigurationPlatforms) = postSolution
		{1BC55436-DAFE-4C45-AFA0-02564BE4E1DA}.Ad-Hoc|Any CPU.ActiveCfg = Release|Any CPU
		{1BC55436-DAFE-4C45-AFA0-02564BE4E1DA}.Ad-Hoc|Any CPU.Build.0 = Release|Any CPU
		{1BC55436-DAFE-4C45-AFA0-02564BE4E1DA}.Ad-Hoc|iPhone.ActiveCfg = Release|Any CPU
		{1BC55436-DAFE-4C45-AFA0-02564BE4E1DA}.Ad-Hoc|iPhone.Build.0 = Release|Any CPU
		{1BC55436-DAFE-4C45-AFA0-02564BE4E1DA}.Ad-Hoc|iPhoneSimulator.ActiveCfg = Release|Any CPU
		{1BC55436-DAFE-4C45-AFA0-02564BE4E1DA}.Ad-Hoc|iPhoneSimulator.Build.0 = Release|Any CPU
		{1BC55436-DAFE-4C45-AFA0-02564BE4E1DA}.AppStore|Any CPU.ActiveCfg = Release|Any CPU
		{1BC55436-DAFE-4C45-AFA0-02564BE4E1DA}.AppStore|Any CPU.Build.0 = Release|Any CPU
		{1BC55436-DAFE-4C45-AFA0-02564BE4E1DA}.AppStore|iPhone.ActiveCfg = Release|Any CPU
		{1BC55436-DAFE-4C45-AFA0-02564BE4E1DA}.AppStore|iPhone.Build.0 = Release|Any CPU
		{1BC55436-DAFE-4C45-AFA0-02564BE4E1DA}.AppStore|iPhoneSimulator.ActiveCfg = Release|Any CPU
		{1BC55436-DAFE-4C45-AFA0-02564BE4E1DA}.AppStore|iPhoneSimulator.Build.0 = Release|Any CPU
		{1BC55436-DAFE-4C45-AFA0-02564BE4E1DA}.Debug|Any CPU.ActiveCfg = Debug|Any CPU
		{1BC55436-DAFE-4C45-AFA0-02564BE4E1DA}.Debug|Any CPU.Build.0 = Debug|Any CPU
		{1BC55436-DAFE-4C45-AFA0-02564BE4E1DA}.Debug|iPhone.ActiveCfg = Debug|Any CPU
		{1BC55436-DAFE-4C45-AFA0-02564BE4E1DA}.Debug|iPhone.Build.0 = Debug|Any CPU
		{1BC55436-DAFE-4C45-AFA0-02564BE4E1DA}.Debug|iPhoneSimulator.ActiveCfg = Debug|Any CPU
		{1BC55436-DAFE-4C45-AFA0-02564BE4E1DA}.Debug|iPhoneSimulator.Build.0 = Debug|Any CPU
		{1BC55436-DAFE-4C45-AFA0-02564BE4E1DA}.Release|Any CPU.ActiveCfg = Release|Any CPU
		{1BC55436-DAFE-4C45-AFA0-02564BE4E1DA}.Release|Any CPU.Build.0 = Release|Any CPU
		{1BC55436-DAFE-4C45-AFA0-02564BE4E1DA}.Release|iPhone.ActiveCfg = Release|Any CPU
		{1BC55436-DAFE-4C45-AFA0-02564BE4E1DA}.Release|iPhone.Build.0 = Release|Any CPU
		{1BC55436-DAFE-4C45-AFA0-02564BE4E1DA}.Release|iPhoneSimulator.ActiveCfg = Release|Any CPU
		{1BC55436-DAFE-4C45-AFA0-02564BE4E1DA}.Release|iPhoneSimulator.Build.0 = Release|Any CPU
		{7B2AAE39-989F-42A6-B05F-A6E6E8D68DF0}.Ad-Hoc|Any CPU.ActiveCfg = Release|Any CPU
		{7B2AAE39-989F-42A6-B05F-A6E6E8D68DF0}.Ad-Hoc|Any CPU.Build.0 = Release|Any CPU
		{7B2AAE39-989F-42A6-B05F-A6E6E8D68DF0}.Ad-Hoc|iPhone.ActiveCfg = Release|Any CPU
		{7B2AAE39-989F-42A6-B05F-A6E6E8D68DF0}.Ad-Hoc|iPhone.Build.0 = Release|Any CPU
		{7B2AAE39-989F-42A6-B05F-A6E6E8D68DF0}.Ad-Hoc|iPhoneSimulator.ActiveCfg = Release|Any CPU
		{7B2AAE39-989F-42A6-B05F-A6E6E8D68DF0}.Ad-Hoc|iPhoneSimulator.Build.0 = Release|Any CPU
		{7B2AAE39-989F-42A6-B05F-A6E6E8D68DF0}.AppStore|Any CPU.ActiveCfg = Release|Any CPU
		{7B2AAE39-989F-42A6-B05F-A6E6E8D68DF0}.AppStore|Any CPU.Build.0 = Release|Any CPU
		{7B2AAE39-989F-42A6-B05F-A6E6E8D68DF0}.AppStore|iPhone.ActiveCfg = Release|Any CPU
		{7B2AAE39-989F-42A6-B05F-A6E6E8D68DF0}.AppStore|iPhone.Build.0 = Release|Any CPU
		{7B2AAE39-989F-42A6-B05F-A6E6E8D68DF0}.AppStore|iPhoneSimulator.ActiveCfg = Release|Any CPU
		{7B2AAE39-989F-42A6-B05F-A6E6E8D68DF0}.AppStore|iPhoneSimulator.Build.0 = Release|Any CPU
		{7B2AAE39-989F-42A6-B05F-A6E6E8D68DF0}.Debug|Any CPU.ActiveCfg = Debug|Any CPU
		{7B2AAE39-989F-42A6-B05F-A6E6E8D68DF0}.Debug|Any CPU.Build.0 = Debug|Any CPU
		{7B2AAE39-989F-42A6-B05F-A6E6E8D68DF0}.Debug|iPhone.ActiveCfg = Debug|Any CPU
		{7B2AAE39-989F-42A6-B05F-A6E6E8D68DF0}.Debug|iPhone.Build.0 = Debug|Any CPU
		{7B2AAE39-989F-42A6-B05F-A6E6E8D68DF0}.Debug|iPhoneSimulator.ActiveCfg = Debug|Any CPU
		{7B2AAE39-989F-42A6-B05F-A6E6E8D68DF0}.Debug|iPhoneSimulator.Build.0 = Debug|Any CPU
		{7B2AAE39-989F-42A6-B05F-A6E6E8D68DF0}.Release|Any CPU.ActiveCfg = Release|Any CPU
		{7B2AAE39-989F-42A6-B05F-A6E6E8D68DF0}.Release|Any CPU.Build.0 = Release|Any CPU
		{7B2AAE39-989F-42A6-B05F-A6E6E8D68DF0}.Release|iPhone.ActiveCfg = Release|Any CPU
		{7B2AAE39-989F-42A6-B05F-A6E6E8D68DF0}.Release|iPhone.Build.0 = Release|Any CPU
		{7B2AAE39-989F-42A6-B05F-A6E6E8D68DF0}.Release|iPhoneSimulator.ActiveCfg = Release|Any CPU
		{7B2AAE39-989F-42A6-B05F-A6E6E8D68DF0}.Release|iPhoneSimulator.Build.0 = Release|Any CPU
		{ACED097E-2B62-4D11-B5DE-CC776F8171E7}.Ad-Hoc|Any CPU.ActiveCfg = Release|Any CPU
		{ACED097E-2B62-4D11-B5DE-CC776F8171E7}.Ad-Hoc|Any CPU.Build.0 = Release|Any CPU
		{ACED097E-2B62-4D11-B5DE-CC776F8171E7}.Ad-Hoc|iPhone.ActiveCfg = Release|Any CPU
		{ACED097E-2B62-4D11-B5DE-CC776F8171E7}.Ad-Hoc|iPhone.Build.0 = Release|Any CPU
		{ACED097E-2B62-4D11-B5DE-CC776F8171E7}.Ad-Hoc|iPhoneSimulator.ActiveCfg = Release|Any CPU
		{ACED097E-2B62-4D11-B5DE-CC776F8171E7}.Ad-Hoc|iPhoneSimulator.Build.0 = Release|Any CPU
		{ACED097E-2B62-4D11-B5DE-CC776F8171E7}.AppStore|Any CPU.ActiveCfg = Release|Any CPU
		{ACED097E-2B62-4D11-B5DE-CC776F8171E7}.AppStore|Any CPU.Build.0 = Release|Any CPU
		{ACED097E-2B62-4D11-B5DE-CC776F8171E7}.AppStore|iPhone.ActiveCfg = Release|Any CPU
		{ACED097E-2B62-4D11-B5DE-CC776F8171E7}.AppStore|iPhone.Build.0 = Release|Any CPU
		{ACED097E-2B62-4D11-B5DE-CC776F8171E7}.AppStore|iPhoneSimulator.ActiveCfg = Release|Any CPU
		{ACED097E-2B62-4D11-B5DE-CC776F8171E7}.AppStore|iPhoneSimulator.Build.0 = Release|Any CPU
		{ACED097E-2B62-4D11-B5DE-CC776F8171E7}.Debug|Any CPU.ActiveCfg = Debug|Any CPU
		{ACED097E-2B62-4D11-B5DE-CC776F8171E7}.Debug|Any CPU.Build.0 = Debug|Any CPU
		{ACED097E-2B62-4D11-B5DE-CC776F8171E7}.Debug|iPhone.ActiveCfg = Debug|Any CPU
		{ACED097E-2B62-4D11-B5DE-CC776F8171E7}.Debug|iPhone.Build.0 = Debug|Any CPU
		{ACED097E-2B62-4D11-B5DE-CC776F8171E7}.Debug|iPhoneSimulator.ActiveCfg = Debug|Any CPU
		{ACED097E-2B62-4D11-B5DE-CC776F8171E7}.Debug|iPhoneSimulator.Build.0 = Debug|Any CPU
		{ACED097E-2B62-4D11-B5DE-CC776F8171E7}.Release|Any CPU.ActiveCfg = Release|Any CPU
		{ACED097E-2B62-4D11-B5DE-CC776F8171E7}.Release|Any CPU.Build.0 = Release|Any CPU
		{ACED097E-2B62-4D11-B5DE-CC776F8171E7}.Release|iPhone.ActiveCfg = Release|Any CPU
		{ACED097E-2B62-4D11-B5DE-CC776F8171E7}.Release|iPhone.Build.0 = Release|Any CPU
		{ACED097E-2B62-4D11-B5DE-CC776F8171E7}.Release|iPhoneSimulator.ActiveCfg = Release|Any CPU
		{ACED097E-2B62-4D11-B5DE-CC776F8171E7}.Release|iPhoneSimulator.Build.0 = Release|Any CPU
		{A1A1AE5F-F019-4655-8243-DDCD222A4722}.Ad-Hoc|Any CPU.ActiveCfg = Release|Any CPU
		{A1A1AE5F-F019-4655-8243-DDCD222A4722}.Ad-Hoc|Any CPU.Build.0 = Release|Any CPU
		{A1A1AE5F-F019-4655-8243-DDCD222A4722}.Ad-Hoc|iPhone.ActiveCfg = Release|Any CPU
		{A1A1AE5F-F019-4655-8243-DDCD222A4722}.Ad-Hoc|iPhone.Build.0 = Release|Any CPU
		{A1A1AE5F-F019-4655-8243-DDCD222A4722}.Ad-Hoc|iPhoneSimulator.ActiveCfg = Release|Any CPU
		{A1A1AE5F-F019-4655-8243-DDCD222A4722}.Ad-Hoc|iPhoneSimulator.Build.0 = Release|Any CPU
		{A1A1AE5F-F019-4655-8243-DDCD222A4722}.AppStore|Any CPU.ActiveCfg = Release|Any CPU
		{A1A1AE5F-F019-4655-8243-DDCD222A4722}.AppStore|Any CPU.Build.0 = Release|Any CPU
		{A1A1AE5F-F019-4655-8243-DDCD222A4722}.AppStore|iPhone.ActiveCfg = Release|Any CPU
		{A1A1AE5F-F019-4655-8243-DDCD222A4722}.AppStore|iPhone.Build.0 = Release|Any CPU
		{A1A1AE5F-F019-4655-8243-DDCD222A4722}.AppStore|iPhoneSimulator.ActiveCfg = Release|Any CPU
		{A1A1AE5F-F019-4655-8243-DDCD222A4722}.AppStore|iPhoneSimulator.Build.0 = Release|Any CPU
		{A1A1AE5F-F019-4655-8243-DDCD222A4722}.Debug|Any CPU.ActiveCfg = Debug|Any CPU
		{A1A1AE5F-F019-4655-8243-DDCD222A4722}.Debug|Any CPU.Build.0 = Debug|Any CPU
		{A1A1AE5F-F019-4655-8243-DDCD222A4722}.Debug|iPhone.ActiveCfg = Debug|Any CPU
		{A1A1AE5F-F019-4655-8243-DDCD222A4722}.Debug|iPhone.Build.0 = Debug|Any CPU
		{A1A1AE5F-F019-4655-8243-DDCD222A4722}.Debug|iPhoneSimulator.ActiveCfg = Debug|Any CPU
		{A1A1AE5F-F019-4655-8243-DDCD222A4722}.Debug|iPhoneSimulator.Build.0 = Debug|Any CPU
		{A1A1AE5F-F019-4655-8243-DDCD222A4722}.Release|Any CPU.ActiveCfg = Release|Any CPU
		{A1A1AE5F-F019-4655-8243-DDCD222A4722}.Release|Any CPU.Build.0 = Release|Any CPU
		{A1A1AE5F-F019-4655-8243-DDCD222A4722}.Release|iPhone.ActiveCfg = Release|Any CPU
		{A1A1AE5F-F019-4655-8243-DDCD222A4722}.Release|iPhone.Build.0 = Release|Any CPU
		{A1A1AE5F-F019-4655-8243-DDCD222A4722}.Release|iPhoneSimulator.ActiveCfg = Release|Any CPU
		{A1A1AE5F-F019-4655-8243-DDCD222A4722}.Release|iPhoneSimulator.Build.0 = Release|Any CPU
		{E7914576-A985-4581-9386-C54FEA8F248F}.Ad-Hoc|Any CPU.ActiveCfg = Release|Any CPU
		{E7914576-A985-4581-9386-C54FEA8F248F}.Ad-Hoc|Any CPU.Build.0 = Release|Any CPU
		{E7914576-A985-4581-9386-C54FEA8F248F}.Ad-Hoc|Any CPU.Deploy.0 = Release|Any CPU
		{E7914576-A985-4581-9386-C54FEA8F248F}.Ad-Hoc|iPhone.ActiveCfg = Release|Any CPU
		{E7914576-A985-4581-9386-C54FEA8F248F}.Ad-Hoc|iPhone.Build.0 = Release|Any CPU
		{E7914576-A985-4581-9386-C54FEA8F248F}.Ad-Hoc|iPhone.Deploy.0 = Release|Any CPU
		{E7914576-A985-4581-9386-C54FEA8F248F}.Ad-Hoc|iPhoneSimulator.ActiveCfg = Release|Any CPU
		{E7914576-A985-4581-9386-C54FEA8F248F}.Ad-Hoc|iPhoneSimulator.Build.0 = Release|Any CPU
		{E7914576-A985-4581-9386-C54FEA8F248F}.Ad-Hoc|iPhoneSimulator.Deploy.0 = Release|Any CPU
		{E7914576-A985-4581-9386-C54FEA8F248F}.AppStore|Any CPU.ActiveCfg = Release|Any CPU
		{E7914576-A985-4581-9386-C54FEA8F248F}.AppStore|Any CPU.Build.0 = Release|Any CPU
		{E7914576-A985-4581-9386-C54FEA8F248F}.AppStore|Any CPU.Deploy.0 = Release|Any CPU
		{E7914576-A985-4581-9386-C54FEA8F248F}.AppStore|iPhone.ActiveCfg = Release|Any CPU
		{E7914576-A985-4581-9386-C54FEA8F248F}.AppStore|iPhone.Build.0 = Release|Any CPU
		{E7914576-A985-4581-9386-C54FEA8F248F}.AppStore|iPhone.Deploy.0 = Release|Any CPU
		{E7914576-A985-4581-9386-C54FEA8F248F}.AppStore|iPhoneSimulator.ActiveCfg = Release|Any CPU
		{E7914576-A985-4581-9386-C54FEA8F248F}.AppStore|iPhoneSimulator.Build.0 = Release|Any CPU
		{E7914576-A985-4581-9386-C54FEA8F248F}.AppStore|iPhoneSimulator.Deploy.0 = Release|Any CPU
		{E7914576-A985-4581-9386-C54FEA8F248F}.Debug|Any CPU.ActiveCfg = Debug|Any CPU
		{E7914576-A985-4581-9386-C54FEA8F248F}.Debug|Any CPU.Build.0 = Debug|Any CPU
		{E7914576-A985-4581-9386-C54FEA8F248F}.Debug|Any CPU.Deploy.0 = Debug|Any CPU
		{E7914576-A985-4581-9386-C54FEA8F248F}.Debug|iPhone.ActiveCfg = Debug|Any CPU
		{E7914576-A985-4581-9386-C54FEA8F248F}.Debug|iPhone.Build.0 = Debug|Any CPU
		{E7914576-A985-4581-9386-C54FEA8F248F}.Debug|iPhone.Deploy.0 = Debug|Any CPU
		{E7914576-A985-4581-9386-C54FEA8F248F}.Debug|iPhoneSimulator.ActiveCfg = Debug|Any CPU
		{E7914576-A985-4581-9386-C54FEA8F248F}.Debug|iPhoneSimulator.Build.0 = Debug|Any CPU
		{E7914576-A985-4581-9386-C54FEA8F248F}.Debug|iPhoneSimulator.Deploy.0 = Debug|Any CPU
		{E7914576-A985-4581-9386-C54FEA8F248F}.Release|Any CPU.ActiveCfg = Release|Any CPU
		{E7914576-A985-4581-9386-C54FEA8F248F}.Release|Any CPU.Build.0 = Release|Any CPU
		{E7914576-A985-4581-9386-C54FEA8F248F}.Release|Any CPU.Deploy.0 = Release|Any CPU
		{E7914576-A985-4581-9386-C54FEA8F248F}.Release|iPhone.ActiveCfg = Release|Any CPU
		{E7914576-A985-4581-9386-C54FEA8F248F}.Release|iPhone.Build.0 = Release|Any CPU
		{E7914576-A985-4581-9386-C54FEA8F248F}.Release|iPhone.Deploy.0 = Release|Any CPU
		{E7914576-A985-4581-9386-C54FEA8F248F}.Release|iPhoneSimulator.ActiveCfg = Release|Any CPU
		{E7914576-A985-4581-9386-C54FEA8F248F}.Release|iPhoneSimulator.Build.0 = Release|Any CPU
		{E7914576-A985-4581-9386-C54FEA8F248F}.Release|iPhoneSimulator.Deploy.0 = Release|Any CPU
		{8AE2781E-4992-4B07-BF00-1B1E12B90475}.Ad-Hoc|Any CPU.ActiveCfg = Ad-Hoc|iPhone
		{8AE2781E-4992-4B07-BF00-1B1E12B90475}.Ad-Hoc|iPhone.ActiveCfg = Ad-Hoc|iPhone
		{8AE2781E-4992-4B07-BF00-1B1E12B90475}.Ad-Hoc|iPhone.Build.0 = Ad-Hoc|iPhone
		{8AE2781E-4992-4B07-BF00-1B1E12B90475}.Ad-Hoc|iPhoneSimulator.ActiveCfg = Ad-Hoc|iPhoneSimulator
		{8AE2781E-4992-4B07-BF00-1B1E12B90475}.Ad-Hoc|iPhoneSimulator.Build.0 = Ad-Hoc|iPhoneSimulator
		{8AE2781E-4992-4B07-BF00-1B1E12B90475}.AppStore|Any CPU.ActiveCfg = AppStore|iPhone
		{8AE2781E-4992-4B07-BF00-1B1E12B90475}.AppStore|iPhone.ActiveCfg = AppStore|iPhone
		{8AE2781E-4992-4B07-BF00-1B1E12B90475}.AppStore|iPhone.Build.0 = AppStore|iPhone
		{8AE2781E-4992-4B07-BF00-1B1E12B90475}.AppStore|iPhoneSimulator.ActiveCfg = AppStore|iPhoneSimulator
		{8AE2781E-4992-4B07-BF00-1B1E12B90475}.AppStore|iPhoneSimulator.Build.0 = AppStore|iPhoneSimulator
		{8AE2781E-4992-4B07-BF00-1B1E12B90475}.Debug|Any CPU.ActiveCfg = Debug|iPhone
		{8AE2781E-4992-4B07-BF00-1B1E12B90475}.Debug|iPhone.ActiveCfg = Debug|iPhone
		{8AE2781E-4992-4B07-BF00-1B1E12B90475}.Debug|iPhone.Build.0 = Debug|iPhone
		{8AE2781E-4992-4B07-BF00-1B1E12B90475}.Debug|iPhoneSimulator.ActiveCfg = Debug|iPhoneSimulator
		{8AE2781E-4992-4B07-BF00-1B1E12B90475}.Debug|iPhoneSimulator.Build.0 = Debug|iPhoneSimulator
		{8AE2781E-4992-4B07-BF00-1B1E12B90475}.Release|Any CPU.ActiveCfg = Release|iPhone
		{8AE2781E-4992-4B07-BF00-1B1E12B90475}.Release|iPhone.ActiveCfg = Release|iPhone
		{8AE2781E-4992-4B07-BF00-1B1E12B90475}.Release|iPhone.Build.0 = Release|iPhone
		{8AE2781E-4992-4B07-BF00-1B1E12B90475}.Release|iPhoneSimulator.ActiveCfg = Release|iPhoneSimulator
		{8AE2781E-4992-4B07-BF00-1B1E12B90475}.Release|iPhoneSimulator.Build.0 = Release|iPhoneSimulator
		{A69833DC-1D39-41FD-B8CD-B8D1CEE6330E}.Ad-Hoc|Any CPU.ActiveCfg = Debug|Any CPU
		{A69833DC-1D39-41FD-B8CD-B8D1CEE6330E}.Ad-Hoc|Any CPU.Build.0 = Debug|Any CPU
		{A69833DC-1D39-41FD-B8CD-B8D1CEE6330E}.Ad-Hoc|iPhone.ActiveCfg = Debug|Any CPU
		{A69833DC-1D39-41FD-B8CD-B8D1CEE6330E}.Ad-Hoc|iPhone.Build.0 = Debug|Any CPU
		{A69833DC-1D39-41FD-B8CD-B8D1CEE6330E}.Ad-Hoc|iPhoneSimulator.ActiveCfg = Debug|Any CPU
		{A69833DC-1D39-41FD-B8CD-B8D1CEE6330E}.Ad-Hoc|iPhoneSimulator.Build.0 = Debug|Any CPU
		{A69833DC-1D39-41FD-B8CD-B8D1CEE6330E}.AppStore|Any CPU.ActiveCfg = Debug|Any CPU
		{A69833DC-1D39-41FD-B8CD-B8D1CEE6330E}.AppStore|Any CPU.Build.0 = Debug|Any CPU
		{A69833DC-1D39-41FD-B8CD-B8D1CEE6330E}.AppStore|iPhone.ActiveCfg = Debug|Any CPU
		{A69833DC-1D39-41FD-B8CD-B8D1CEE6330E}.AppStore|iPhone.Build.0 = Debug|Any CPU
		{A69833DC-1D39-41FD-B8CD-B8D1CEE6330E}.AppStore|iPhoneSimulator.ActiveCfg = Debug|Any CPU
		{A69833DC-1D39-41FD-B8CD-B8D1CEE6330E}.AppStore|iPhoneSimulator.Build.0 = Debug|Any CPU
		{A69833DC-1D39-41FD-B8CD-B8D1CEE6330E}.Debug|Any CPU.ActiveCfg = Debug|Any CPU
		{A69833DC-1D39-41FD-B8CD-B8D1CEE6330E}.Debug|Any CPU.Build.0 = Debug|Any CPU
		{A69833DC-1D39-41FD-B8CD-B8D1CEE6330E}.Debug|iPhone.ActiveCfg = Debug|Any CPU
		{A69833DC-1D39-41FD-B8CD-B8D1CEE6330E}.Debug|iPhone.Build.0 = Debug|Any CPU
		{A69833DC-1D39-41FD-B8CD-B8D1CEE6330E}.Debug|iPhoneSimulator.ActiveCfg = Debug|Any CPU
		{A69833DC-1D39-41FD-B8CD-B8D1CEE6330E}.Debug|iPhoneSimulator.Build.0 = Debug|Any CPU
		{A69833DC-1D39-41FD-B8CD-B8D1CEE6330E}.Release|Any CPU.ActiveCfg = Release|Any CPU
		{A69833DC-1D39-41FD-B8CD-B8D1CEE6330E}.Release|Any CPU.Build.0 = Release|Any CPU
		{A69833DC-1D39-41FD-B8CD-B8D1CEE6330E}.Release|iPhone.ActiveCfg = Release|Any CPU
		{A69833DC-1D39-41FD-B8CD-B8D1CEE6330E}.Release|iPhone.Build.0 = Release|Any CPU
		{A69833DC-1D39-41FD-B8CD-B8D1CEE6330E}.Release|iPhoneSimulator.ActiveCfg = Release|Any CPU
		{A69833DC-1D39-41FD-B8CD-B8D1CEE6330E}.Release|iPhoneSimulator.Build.0 = Release|Any CPU
	EndGlobalSection
	GlobalSection(SolutionProperties) = preSolution
		HideSolutionNode = FALSE
	EndGlobalSection
	GlobalSection(NestedProjects) = preSolution
		{1BC55436-DAFE-4C45-AFA0-02564BE4E1DA} = {E6C6591F-ACAB-4830-9CA6-321141812499}
		{7B2AAE39-989F-42A6-B05F-A6E6E8D68DF0} = {8E65CCDA-3ECB-4443-988B-8D81253D3A75}
		{ACED097E-2B62-4D11-B5DE-CC776F8171E7} = {8E65CCDA-3ECB-4443-988B-8D81253D3A75}
		{A1A1AE5F-F019-4655-8243-DDCD222A4722} = {8E65CCDA-3ECB-4443-988B-8D81253D3A75}
		{E7914576-A985-4581-9386-C54FEA8F248F} = {ACA63033-A500-4FD0-B6CB-20C7BD292A65}
	EndGlobalSection
	GlobalSection(ExtensibilityGlobals) = postSolution
		SolutionGuid = {3FE92535-E153-4A64-AC5F-FAE9D0937348}
	EndGlobalSection
EndGlobal
